
Microsoft Visual Studio Solution File, Format Version 12.00
# Visual Studio Version 17
VisualStudioVersion = 17.10.35122.118
MinimumVisualStudioVersion = 10.0.40219.1
Project("{FAE04EC0-301F-11D3-BF4B-00C04F79EFBC}") = "dnd-webapp", "dnd-webapp\dnd-webapp.csproj", "{0C18E94D-72C2-462C-A954-67B414E906CE}"
EndProject
Global
	GlobalSection(SolutionConfigurationPlatforms) = preSolution
		Debug|Any CPU = Debug|Any CPU
		Release|Any CPU = Release|Any CPU
	EndGlobalSection
	GlobalSection(ProjectConfigurationPlatforms) = postSolution
		{0C18E94D-72C2-462C-A954-67B414E906CE}.Debug|Any CPU.ActiveCfg = Debug|Any CPU
		{0C18E94D-72C2-462C-A954-67B414E906CE}.Debug|Any CPU.Build.0 = Debug|Any CPU
		{0C18E94D-72C2-462C-A954-67B414E906CE}.Release|Any CPU.ActiveCfg = Release|Any CPU
		{0C18E94D-72C2-462C-A954-67B414E906CE}.Release|Any CPU.Build.0 = Release|Any CPU
	EndGlobalSection
	GlobalSection(SolutionProperties) = preSolution
		HideSolutionNode = FALSE
	EndGlobalSection
	GlobalSection(ExtensibilityGlobals) = postSolution
		SolutionGuid = {9CC62B34-2B51-4682-AAA4-082B64F64FAE}
	EndGlobalSection
EndGlobal
